
Microsoft Visual Studio Solution File, Format Version 12.00
Project("{FAE04EC0-301F-11D3-BF4B-00C04F79EFBC}") = "MySqlQueryBuilder", "MySqlQueryBuilder\MySqlQueryBuilder.csproj", "{5E336ACE-B999-4F03-93CE-83044C97165A}"
EndProject
Project("{FAE04EC0-301F-11D3-BF4B-00C04F79EFBC}") = "MySqlQueryBuilderTest", "MySqlQueryBuilderTest\MySqlQueryBuilderTest.csproj", "{545E84C0-A260-4E3D-9EEF-72115B408572}"
EndProject
Global
	GlobalSection(SolutionConfigurationPlatforms) = preSolution
		Debug|Any CPU = Debug|Any CPU
		Release|Any CPU = Release|Any CPU
	EndGlobalSection
	GlobalSection(ProjectConfigurationPlatforms) = postSolution
		{5E336ACE-B999-4F03-93CE-83044C97165A}.Debug|Any CPU.ActiveCfg = Debug|Any CPU
		{5E336ACE-B999-4F03-93CE-83044C97165A}.Debug|Any CPU.Build.0 = Debug|Any CPU
		{5E336ACE-B999-4F03-93CE-83044C97165A}.Release|Any CPU.ActiveCfg = Release|Any CPU
		{5E336ACE-B999-4F03-93CE-83044C97165A}.Release|Any CPU.Build.0 = Release|Any CPU
		{545E84C0-A260-4E3D-9EEF-72115B408572}.Debug|Any CPU.ActiveCfg = Debug|Any CPU
		{545E84C0-A260-4E3D-9EEF-72115B408572}.Debug|Any CPU.Build.0 = Debug|Any CPU
		{545E84C0-A260-4E3D-9EEF-72115B408572}.Release|Any CPU.ActiveCfg = Release|Any CPU
		{545E84C0-A260-4E3D-9EEF-72115B408572}.Release|Any CPU.Build.0 = Release|Any CPU
	EndGlobalSection
EndGlobal
